
Microsoft Visual Studio Solution File, Format Version 12.00
# Visual Studio Version 17
VisualStudioVersion = 17.14.36310.24 d17.14
MinimumVisualStudioVersion = 10.0.40219.1
Project("{FAE04EC0-301F-11D3-BF4B-00C04F79EFBC}") = "ConvertMe", "ConvertMe.csproj", "{0474C55E-0497-4C59-80D5-43A4C8F71504}"
EndProject
Global
	GlobalSection(SolutionConfigurationPlatforms) = preSolution
		Debug|Any CPU = Debug|Any CPU
		Release|Any CPU = Release|Any CPU
	EndGlobalSection
	GlobalSection(ProjectConfigurationPlatforms) = postSolution
		{0474C55E-0497-4C59-80D5-43A4C8F71504}.Debug|Any CPU.ActiveCfg = Debug|Any CPU
		{0474C55E-0497-4C59-80D5-43A4C8F71504}.Debug|Any CPU.Build.0 = Debug|Any CPU
		{0474C55E-0497-4C59-80D5-43A4C8F71504}.Release|Any CPU.ActiveCfg = Release|Any CPU
		{0474C55E-0497-4C59-80D5-43A4C8F71504}.Release|Any CPU.Build.0 = Release|Any CPU
	EndGlobalSection
	GlobalSection(SolutionProperties) = preSolution
		HideSolutionNode = FALSE
	EndGlobalSection
	GlobalSection(ExtensibilityGlobals) = postSolution
		SolutionGuid = {B622DA98-45A7-46E4-A3EE-4DDA903EDE3F}
	EndGlobalSection
EndGlobal
